
Microsoft Visual Studio Solution File, Format Version 12.00
# Visual Studio Version 17
VisualStudioVersion = 17.5.002.0
MinimumVisualStudioVersion = 10.0.40219.1
Project("{9A19103F-16F7-4668-BE54-9A1E7A4F7556}") = "webapp-sam-lab13", "webapp-sam-lab13.csproj", "{777DCF48-03EC-4F4F-954C-7A51EAD1E65F}"
EndProject
Global
	GlobalSection(SolutionConfigurationPlatforms) = preSolution
		Debug|Any CPU = Debug|Any CPU
		Release|Any CPU = Release|Any CPU
	EndGlobalSection
	GlobalSection(ProjectConfigurationPlatforms) = postSolution
		{777DCF48-03EC-4F4F-954C-7A51EAD1E65F}.Debug|Any CPU.ActiveCfg = Debug|Any CPU
		{777DCF48-03EC-4F4F-954C-7A51EAD1E65F}.Debug|Any CPU.Build.0 = Debug|Any CPU
		{777DCF48-03EC-4F4F-954C-7A51EAD1E65F}.Release|Any CPU.ActiveCfg = Release|Any CPU
		{777DCF48-03EC-4F4F-954C-7A51EAD1E65F}.Release|Any CPU.Build.0 = Release|Any CPU
	EndGlobalSection
	GlobalSection(SolutionProperties) = preSolution
		HideSolutionNode = FALSE
	EndGlobalSection
	GlobalSection(ExtensibilityGlobals) = postSolution
		SolutionGuid = {2B5CEDDE-6B25-4D49-AE5A-723CACF9A525}
	EndGlobalSection
EndGlobal
